
Microsoft Visual Studio Solution File, Format Version 12.00
# Visual Studio Version 16
VisualStudioVersion = 16.0.29001.49
MinimumVisualStudioVersion = 10.0.40219.1
Project("{FAE04EC0-301F-11D3-BF4B-00C04F79EFBC}") = "APIbooking", "APIbooking\APIbooking.csproj", "{61CAB1E4-CB76-4E20-A172-0FAA27A1CE40}"
EndProject
Global
	GlobalSection(SolutionConfigurationPlatforms) = preSolution
		Debug|Any CPU = Debug|Any CPU
		Release|Any CPU = Release|Any CPU
	EndGlobalSection
	GlobalSection(ProjectConfigurationPlatforms) = postSolution
		{61CAB1E4-CB76-4E20-A172-0FAA27A1CE40}.Debug|Any CPU.ActiveCfg = Debug|Any CPU
		{61CAB1E4-CB76-4E20-A172-0FAA27A1CE40}.Debug|Any CPU.Build.0 = Debug|Any CPU
		{61CAB1E4-CB76-4E20-A172-0FAA27A1CE40}.Release|Any CPU.ActiveCfg = Release|Any CPU
		{61CAB1E4-CB76-4E20-A172-0FAA27A1CE40}.Release|Any CPU.Build.0 = Release|Any CPU
	EndGlobalSection
	GlobalSection(SolutionProperties) = preSolution
		HideSolutionNode = FALSE
	EndGlobalSection
	GlobalSection(ExtensibilityGlobals) = postSolution
		SolutionGuid = {BE63DA28-3B08-4508-BF53-3E9ED90AF00B}
	EndGlobalSection
EndGlobal
